uuid: 7bacda67-8187-4cbb-a326-3815ae3a6f19
langcode: en
status: true
dependencies:
  config:
    - views.view.decreto_user_committees
  module:
    - system
    - user
    - views
  theme:
    - decreto_theme
id: views_block__decreto_user_committees_my_committees_block
theme: decreto_theme
region: sidebar_second
weight: -7
provider: null
plugin: 'views_block:decreto_user_committees-my_committees_block'
settings:
  id: 'views_block:decreto_user_committees-my_committees_block'
  label: ''
  provider: views
  label_display: visible
  views_label: ''
  items_per_page: none
visibility:
  user_role:
    id: user_role
    roles:
      authenticated: authenticated
    negate: false
    context_mapping:
      user: '@user.current_user_context:current_user'
  request_path:
    id: request_path
    pages: '/node/*'
    negate: true
    context_mapping: {  }
