uuid: 56f33d07-7944-4b37-b85f-95e6c773d9f6
langcode: en
status: true
dependencies:
  config:
    - views.view.decreto_calender
  module:
    - views
  theme:
    - decreto_theme
id: views_block__decreto_calender_calendar_block
theme: decreto_theme
region: sidebar_second
weight: -8
provider: null
plugin: 'views_block:decreto_calender-calendar_block'
settings:
  id: 'views_block:decreto_calender-calendar_block'
  label: ''
  provider: views
  label_display: visible
  views_label: ''
  items_per_page: none
visibility: {  }
