uuid: a7bc5d23-e241-4673-b7a6-6eee77c75754
langcode: en
status: false
dependencies:
  theme:
    - test
id: test_decretousercommitteesblock
theme: test
region: navigation
weight: -10
provider: null
plugin: 'Decreto  User Committees Block'
settings:
  id: 'Decreto  User Committees Block'
  label: 'My Committees'
  provider: decreto_user_committees
  label_display: visible
visibility: {  }
