uuid: a990de35-817d-430f-9d71-df3e740051aa
langcode: en
status: true
dependencies:
  config:
    - views.view.decreto_user_departments
  module:
    - views
  theme:
    - custom_theme
id: custom_theme_views_block__decreto_user_departments_my_departments_block
theme: custom_theme
region: sidr_left__primary
weight: 0
provider: null
plugin: 'views_block:decreto_user_departments-my_departments_block'
settings:
  id: 'views_block:decreto_user_departments-my_departments_block'
  label: ''
  provider: views
  label_display: visible
  views_label: ''
  items_per_page: none
visibility: {  }
