uuid: 262af1f0-05ee-47d3-892e-3a30928eaa2b
langcode: en
status: true
dependencies:
  config:
    - views.view.decreto_user_departments
  module:
    - views
  theme:
    - decreto_theme
id: views_block__decreto_user_departments_my_departments_block
theme: decreto_theme
region: sidebar_second
weight: 0
provider: null
plugin: 'views_block:decreto_user_departments-my_departments_block'
settings:
  id: 'views_block:decreto_user_departments-my_departments_block'
  label: ''
  provider: views
  label_display: visible
  views_label: ''
  items_per_page: none
visibility: {  }
